
Microsoft Visual Studio Solution File, Format Version 12.00
# Visual Studio Version 17
VisualStudioVersion = 17.8.34330.188
MinimumVisualStudioVersion = 10.0.40219.1
Project("{9A19103F-16F7-4668-BE54-9A1E7A4F7556}") = "chainOfResponsibilty.pipline.API", "chainOfResponsibilty.pipline.API\chainOfResponsibilty.pipline.API.csproj", "{D10D431F-9F58-4CED-80E6-715CA03FC1EC}"
EndProject
Project("{FAE04EC0-301F-11D3-BF4B-00C04F79EFBC}") = "chainOfResponsibilty.pipline.Domaine", "chainOfResponsibilty.pipline.Domaine\chainOfResponsibilty.pipline.Domaine.csproj", "{39E5C314-7F07-4C18-ACA3-26A3E221F674}"
EndProject
Project("{FAE04EC0-301F-11D3-BF4B-00C04F79EFBC}") = "chainOfResponsibilty.pipline.Application", "chainOfResponsibilty.pipline.Application\chainOfResponsibilty.pipline.Application.csproj", "{A59AB2E5-9674-4358-A8EF-35618A766614}"
EndProject
Project("{FAE04EC0-301F-11D3-BF4B-00C04F79EFBC}") = "chainOfResponsibilty.pipline.Infrastructure", "chainOfResponsibilty.pipline.Infrastructure\chainOfResponsibilty.pipline.Infrastructure.csproj", "{48D33EF5-DEE6-4C46-B3B2-51F981A88BC9}"
EndProject
Global
	GlobalSection(SolutionConfigurationPlatforms) = preSolution
		Debug|Any CPU = Debug|Any CPU
		Release|Any CPU = Release|Any CPU
	EndGlobalSection
	GlobalSection(ProjectConfigurationPlatforms) = postSolution
		{D10D431F-9F58-4CED-80E6-715CA03FC1EC}.Debug|Any CPU.ActiveCfg = Debug|Any CPU
		{D10D431F-9F58-4CED-80E6-715CA03FC1EC}.Debug|Any CPU.Build.0 = Debug|Any CPU
		{D10D431F-9F58-4CED-80E6-715CA03FC1EC}.Release|Any CPU.ActiveCfg = Release|Any CPU
		{D10D431F-9F58-4CED-80E6-715CA03FC1EC}.Release|Any CPU.Build.0 = Release|Any CPU
		{39E5C314-7F07-4C18-ACA3-26A3E221F674}.Debug|Any CPU.ActiveCfg = Debug|Any CPU
		{39E5C314-7F07-4C18-ACA3-26A3E221F674}.Debug|Any CPU.Build.0 = Debug|Any CPU
		{39E5C314-7F07-4C18-ACA3-26A3E221F674}.Release|Any CPU.ActiveCfg = Release|Any CPU
		{39E5C314-7F07-4C18-ACA3-26A3E221F674}.Release|Any CPU.Build.0 = Release|Any CPU
		{A59AB2E5-9674-4358-A8EF-35618A766614}.Debug|Any CPU.ActiveCfg = Debug|Any CPU
		{A59AB2E5-9674-4358-A8EF-35618A766614}.Debug|Any CPU.Build.0 = Debug|Any CPU
		{A59AB2E5-9674-4358-A8EF-35618A766614}.Release|Any CPU.ActiveCfg = Release|Any CPU
		{A59AB2E5-9674-4358-A8EF-35618A766614}.Release|Any CPU.Build.0 = Release|Any CPU
		{48D33EF5-DEE6-4C46-B3B2-51F981A88BC9}.Debug|Any CPU.ActiveCfg = Debug|Any CPU
		{48D33EF5-DEE6-4C46-B3B2-51F981A88BC9}.Debug|Any CPU.Build.0 = Debug|Any CPU
		{48D33EF5-DEE6-4C46-B3B2-51F981A88BC9}.Release|Any CPU.ActiveCfg = Release|Any CPU
		{48D33EF5-DEE6-4C46-B3B2-51F981A88BC9}.Release|Any CPU.Build.0 = Release|Any CPU
	EndGlobalSection
	GlobalSection(SolutionProperties) = preSolution
		HideSolutionNode = FALSE
	EndGlobalSection
	GlobalSection(ExtensibilityGlobals) = postSolution
		SolutionGuid = {D9492E9B-69DE-47C9-B413-5FE68C259B52}
	EndGlobalSection
EndGlobal
